
Microsoft Visual Studio Solution File, Format Version 12.00
# Visual Studio Version 17
VisualStudioVersion = 17.10.35027.167
MinimumVisualStudioVersion = 10.0.40219.1
Project("{FAE04EC0-301F-11D3-BF4B-00C04F79EFBC}") = "Projekt", "Projekt\Projekt.csproj", "{3C30D179-74DF-4710-9B00-61B7F75C50EF}"
EndProject
Global
	GlobalSection(SolutionConfigurationPlatforms) = preSolution
		Debug|Any CPU = Debug|Any CPU
		Release|Any CPU = Release|Any CPU
	EndGlobalSection
	GlobalSection(ProjectConfigurationPlatforms) = postSolution
		{3C30D179-74DF-4710-9B00-61B7F75C50EF}.Debug|Any CPU.ActiveCfg = Debug|Any CPU
		{3C30D179-74DF-4710-9B00-61B7F75C50EF}.Debug|Any CPU.Build.0 = Debug|Any CPU
		{3C30D179-74DF-4710-9B00-61B7F75C50EF}.Release|Any CPU.ActiveCfg = Release|Any CPU
		{3C30D179-74DF-4710-9B00-61B7F75C50EF}.Release|Any CPU.Build.0 = Release|Any CPU
	EndGlobalSection
	GlobalSection(SolutionProperties) = preSolution
		HideSolutionNode = FALSE
	EndGlobalSection
	GlobalSection(ExtensibilityGlobals) = postSolution
		SolutionGuid = {4E17B058-8977-464C-B554-80797673C047}
	EndGlobalSection
EndGlobal
